// !$*UTF8*$!
{
	archiveVersion = 1;
	classes = {
	};
	objectVersion = 56;
	objects = {

/* Begin PBXBuildFile section */
		AA0000000000000000000001 /* YiLianApp.swift in Sources */ = {isa = PBXBuildFile; fileRef = BB0000000000000000000001 /* YiLianApp.swift */; };
		AA0000000000000000000002 /* TrainingState.swift in Sources */ = {isa = PBXBuildFile; fileRef = BB0000000000000000000002 /* TrainingState.swift */; };
		AA0000000000000000000003 /* TrainingConfig.swift in Sources */ = {isa = PBXBuildFile; fileRef = BB0000000000000000000003 /* TrainingConfig.swift */; };
		AA0000000000000000000004 /* TrainingSession.swift in Sources */ = {isa = PBXBuildFile; fileRef = BB0000000000000000000004 /* TrainingSession.swift */; };
		AA0000000000000000000005 /* TrainingStateMachine.swift in Sources */ = {isa = PBXBuildFile; fileRef = BB0000000000000000000005 /* TrainingStateMachine.swift */; };
		AA0000000000000000000006 /* VoiceService.swift in Sources */ = {isa = PBXBuildFile; fileRef = BB0000000000000000000006 /* VoiceService.swift */; };
		AA0000000000000000000007 /* TimerScheduler.swift in Sources */ = {isa = PBXBuildFile; fileRef = BB0000000000000000000007 /* TimerScheduler.swift */; };
		AA0000000000000000000008 /* CoreDataStack.swift in Sources */ = {isa = PBXBuildFile; fileRef = BB0000000000000000000008 /* CoreDataStack.swift */; };
		AA0000000000000000000009 /* LocalAuthManager.swift in Sources */ = {isa = PBXBuildFile; fileRef = BB0000000000000000000009 /* LocalAuthManager.swift */; };
		AA0000000000000000000010 /* HapticManager.swift in Sources */ = {isa = PBXBuildFile; fileRef = BB0000000000000000000010 /* HapticManager.swift */; };
		AA0000000000000000000011 /* TrainingViewModel.swift in Sources */ = {isa = PBXBuildFile; fileRef = BB0000000000000000000011 /* TrainingViewModel.swift */; };
		AA0000000000000000000012 /* RecordsViewModel.swift in Sources */ = {isa = PBXBuildFile; fileRef = BB0000000000000000000012 /* RecordsViewModel.swift */; };
		AA0000000000000000000013 /* SettingsViewModel.swift in Sources */ = {isa = PBXBuildFile; fileRef = BB0000000000000000000013 /* SettingsViewModel.swift */; };
		AA0000000000000000000014 /* PrepareView.swift in Sources */ = {isa = PBXBuildFile; fileRef = BB0000000000000000000014 /* PrepareView.swift */; };
		AA0000000000000000000015 /* ArousalView.swift in Sources */ = {isa = PBXBuildFile; fileRef = BB0000000000000000000015 /* ArousalView.swift */; };
		AA0000000000000000000016 /* LowArousalView.swift in Sources */ = {isa = PBXBuildFile; fileRef = BB0000000000000000000016 /* LowArousalView.swift */; };
		AA0000000000000000000017 /* ControlZoneView.swift in Sources */ = {isa = PBXBuildFile; fileRef = BB0000000000000000000017 /* ControlZoneView.swift */; };
		AA0000000000000000000018 /* StopWaitingView.swift in Sources */ = {isa = PBXBuildFile; fileRef = BB0000000000000000000018 /* StopWaitingView.swift */; };
		AA0000000000000000000019 /* SqueezeView.swift in Sources */ = {isa = PBXBuildFile; fileRef = BB0000000000000000000019 /* SqueezeView.swift */; };
		AA0000000000000000000020 /* FinishedView.swift in Sources */ = {isa = PBXBuildFile; fileRef = BB0000000000000000000020 /* FinishedView.swift */; };
		AA0000000000000000000021 /* LockView.swift in Sources */ = {isa = PBXBuildFile; fileRef = BB0000000000000000000021 /* LockView.swift */; };
		AA0000000000000000000022 /* RecordsView.swift in Sources */ = {isa = PBXBuildFile; fileRef = BB0000000000000000000022 /* RecordsView.swift */; };
		AA0000000000000000000041 /* RadarChartView.swift in Sources */ = {isa = PBXBuildFile; fileRef = BB0000000000000000000041 /* RadarChartView.swift */; };
		AA0000000000000000000042 /* RecordDetailView.swift in Sources */ = {isa = PBXBuildFile; fileRef = BB0000000000000000000042 /* RecordDetailView.swift */; };
		AA0000000000000000000023 /* SettingsView.swift in Sources */ = {isa = PBXBuildFile; fileRef = BB0000000000000000000023 /* SettingsView.swift */; };
		AA0000000000000000000024 /* BreathingCircle.swift in Sources */ = {isa = PBXBuildFile; fileRef = BB0000000000000000000024 /* BreathingCircle.swift */; };
		AA0000000000000000000025 /* ContentView.swift in Sources */ = {isa = PBXBuildFile; fileRef = BB0000000000000000000025 /* ContentView.swift */; };
		AA0000000000000000000026 /* Color+Theme.swift in Sources */ = {isa = PBXBuildFile; fileRef = BB0000000000000000000026 /* Color+Theme.swift */; };
		AA0000000000000000000027 /* VoiceScripts.swift in Sources */ = {isa = PBXBuildFile; fileRef = BB0000000000000000000027 /* VoiceScripts.swift */; };
		AA0000000000000000000028 /* TrainingContainerView.swift in Sources */ = {isa = PBXBuildFile; fileRef = BB0000000000000000000028 /* TrainingContainerView.swift */; };
		AA0000000000000000000029 /* Assets.xcassets in Resources */ = {isa = PBXBuildFile; fileRef = BB0000000000000000000029 /* Assets.xcassets */; };
		AA0000000000000000000030 /* Model.xcdatamodeld in Sources */ = {isa = PBXBuildFile; fileRef = BB0000000000000000000030 /* Model.xcdatamodeld */; };
		AA0000000000000000000043 /* CoachButton.swift in Sources */ = {isa = PBXBuildFile; fileRef = BB0000000000000000000043 /* CoachButton.swift */; };
		AA0000000000000000000044 /* GlassCard.swift in Sources */ = {isa = PBXBuildFile; fileRef = BB0000000000000000000044 /* GlassCard.swift */; };
		AA0000000000000000000045 /* StageProgressView.swift in Sources */ = {isa = PBXBuildFile; fileRef = BB0000000000000000000045 /* StageProgressView.swift */; };
/* End PBXBuildFile section */

/* Begin PBXFileReference section */
		BB0000000000000000000001 /* YiLianApp.swift */ = {isa = PBXFileReference; lastKnownFileType = sourcecode.swift; path = YiLianApp.swift; sourceTree = "<group>"; };
		BB0000000000000000000002 /* TrainingState.swift */ = {isa = PBXFileReference; lastKnownFileType = sourcecode.swift; path = TrainingState.swift; sourceTree = "<group>"; };
		BB0000000000000000000003 /* TrainingConfig.swift */ = {isa = PBXFileReference; lastKnownFileType = sourcecode.swift; path = TrainingConfig.swift; sourceTree = "<group>"; };
		BB0000000000000000000004 /* TrainingSession.swift */ = {isa = PBXFileReference; lastKnownFileType = sourcecode.swift; path = TrainingSession.swift; sourceTree = "<group>"; };
		BB0000000000000000000005 /* TrainingStateMachine.swift */ = {isa = PBXFileReference; lastKnownFileType = sourcecode.swift; path = TrainingStateMachine.swift; sourceTree = "<group>"; };
		BB0000000000000000000006 /* VoiceService.swift */ = {isa = PBXFileReference; lastKnownFileType = sourcecode.swift; path = VoiceService.swift; sourceTree = "<group>"; };
		BB0000000000000000000007 /* TimerScheduler.swift */ = {isa = PBXFileReference; lastKnownFileType = sourcecode.swift; path = TimerScheduler.swift; sourceTree = "<group>"; };
		BB0000000000000000000008 /* CoreDataStack.swift */ = {isa = PBXFileReference; lastKnownFileType = sourcecode.swift; path = CoreDataStack.swift; sourceTree = "<group>"; };
		BB0000000000000000000009 /* LocalAuthManager.swift */ = {isa = PBXFileReference; lastKnownFileType = sourcecode.swift; path = LocalAuthManager.swift; sourceTree = "<group>"; };
		BB0000000000000000000010 /* HapticManager.swift */ = {isa = PBXFileReference; lastKnownFileType = sourcecode.swift; path = HapticManager.swift; sourceTree = "<group>"; };
		BB0000000000000000000011 /* TrainingViewModel.swift */ = {isa = PBXFileReference; lastKnownFileType = sourcecode.swift; path = TrainingViewModel.swift; sourceTree = "<group>"; };
		BB0000000000000000000012 /* RecordsViewModel.swift */ = {isa = PBXFileReference; lastKnownFileType = sourcecode.swift; path = RecordsViewModel.swift; sourceTree = "<group>"; };
		BB0000000000000000000013 /* SettingsViewModel.swift */ = {isa = PBXFileReference; lastKnownFileType = sourcecode.swift; path = SettingsViewModel.swift; sourceTree = "<group>"; };
		BB0000000000000000000014 /* PrepareView.swift */ = {isa = PBXFileReference; lastKnownFileType = sourcecode.swift; path = PrepareView.swift; sourceTree = "<group>"; };
		BB0000000000000000000015 /* ArousalView.swift */ = {isa = PBXFileReference; lastKnownFileType = sourcecode.swift; path = ArousalView.swift; sourceTree = "<group>"; };
		BB0000000000000000000016 /* LowArousalView.swift */ = {isa = PBXFileReference; lastKnownFileType = sourcecode.swift; path = LowArousalView.swift; sourceTree = "<group>"; };
		BB0000000000000000000017 /* ControlZoneView.swift */ = {isa = PBXFileReference; lastKnownFileType = sourcecode.swift; path = ControlZoneView.swift; sourceTree = "<group>"; };
		BB0000000000000000000018 /* StopWaitingView.swift */ = {isa = PBXFileReference; lastKnownFileType = sourcecode.swift; path = StopWaitingView.swift; sourceTree = "<group>"; };
		BB0000000000000000000019 /* SqueezeView.swift */ = {isa = PBXFileReference; lastKnownFileType = sourcecode.swift; path = SqueezeView.swift; sourceTree = "<group>"; };
		BB0000000000000000000020 /* FinishedView.swift */ = {isa = PBXFileReference; lastKnownFileType = sourcecode.swift; path = FinishedView.swift; sourceTree = "<group>"; };
		BB0000000000000000000021 /* LockView.swift */ = {isa = PBXFileReference; lastKnownFileType = sourcecode.swift; path = LockView.swift; sourceTree = "<group>"; };
		BB0000000000000000000022 /* RecordsView.swift */ = {isa = PBXFileReference; lastKnownFileType = sourcecode.swift; path = RecordsView.swift; sourceTree = "<group>"; };
		BB0000000000000000000041 /* RadarChartView.swift */ = {isa = PBXFileReference; lastKnownFileType = sourcecode.swift; path = RadarChartView.swift; sourceTree = "<group>"; };
		BB0000000000000000000042 /* RecordDetailView.swift */ = {isa = PBXFileReference; lastKnownFileType = sourcecode.swift; path = RecordDetailView.swift; sourceTree = "<group>"; };
		BB0000000000000000000023 /* SettingsView.swift */ = {isa = PBXFileReference; lastKnownFileType = sourcecode.swift; path = SettingsView.swift; sourceTree = "<group>"; };
		BB0000000000000000000024 /* BreathingCircle.swift */ = {isa = PBXFileReference; lastKnownFileType = sourcecode.swift; path = BreathingCircle.swift; sourceTree = "<group>"; };
		BB0000000000000000000025 /* ContentView.swift */ = {isa = PBXFileReference; lastKnownFileType = sourcecode.swift; path = ContentView.swift; sourceTree = "<group>"; };
		BB0000000000000000000026 /* Color+Theme.swift */ = {isa = PBXFileReference; lastKnownFileType = sourcecode.swift; path = "Color+Theme.swift"; sourceTree = "<group>"; };
		BB0000000000000000000027 /* VoiceScripts.swift */ = {isa = PBXFileReference; lastKnownFileType = sourcecode.swift; path = VoiceScripts.swift; sourceTree = "<group>"; };
		BB0000000000000000000028 /* TrainingContainerView.swift */ = {isa = PBXFileReference; lastKnownFileType = sourcecode.swift; path = TrainingContainerView.swift; sourceTree = "<group>"; };
		BB0000000000000000000029 /* Assets.xcassets */ = {isa = PBXFileReference; lastKnownFileType = folder.assetcatalog; path = Assets.xcassets; sourceTree = "<group>"; };
		BB0000000000000000000030 /* Model.xcdatamodeld */ = {isa = PBXFileReference; lastKnownFileType = wrapper.xcdatamodeld; path = Model.xcdatamodeld; sourceTree = "<group>"; };
		BB0000000000000000000031 /* Info.plist */ = {isa = PBXFileReference; lastKnownFileType = text.plist.xml; path = Info.plist; sourceTree = "<group>"; };
		BB0000000000000000000032 /* 毅练.app */ = {isa = PBXFileReference; explicitFileType = wrapper.application; includeInIndex = 0; path = "毅练.app"; sourceTree = BUILT_PRODUCTS_DIR; };
		BB0000000000000000000043 /* CoachButton.swift */ = {isa = PBXFileReference; lastKnownFileType = sourcecode.swift; path = CoachButton.swift; sourceTree = "<group>"; };
		BB0000000000000000000044 /* GlassCard.swift */ = {isa = PBXFileReference; lastKnownFileType = sourcecode.swift; path = GlassCard.swift; sourceTree = "<group>"; };
		BB0000000000000000000045 /* StageProgressView.swift */ = {isa = PBXFileReference; lastKnownFileType = sourcecode.swift; path = StageProgressView.swift; sourceTree = "<group>"; };
/* End PBXFileReference section */

/* Begin PBXFrameworksBuildPhase section */
		CC0000000000000000000001 /* Frameworks */ = {
			isa = PBXFrameworksBuildPhase;
			buildActionMask = 2147483647;
			files = (
			);
			runOnlyForDeploymentPostprocessing = 0;
		};
/* End PBXFrameworksBuildPhase section */

/* Begin PBXGroup section */
		DD0000000000000000000001 = {
			isa = PBXGroup;
			children = (
				DD0000000000000000000002 /* 毅练 */,
				DD0000000000000000000003 /* Products */,
			);
			sourceTree = "<group>";
		};
		DD0000000000000000000003 /* Products */ = {
			isa = PBXGroup;
			children = (
				BB0000000000000000000032 /* 毅练.app */,
			);
			name = Products;
			sourceTree = "<group>";
		};
		DD0000000000000000000002 /* 毅练 */ = {
			isa = PBXGroup;
			children = (
				DD0000000000000000000101 /* App */,
				DD0000000000000000000102 /* Models */,
				DD0000000000000000000103 /* StateMachine */,
				DD0000000000000000000104 /* Services */,
				DD0000000000000000000105 /* ViewModels */,
				DD0000000000000000000106 /* Views */,
				DD0000000000000000000107 /* Resources */,
				BB0000000000000000000030 /* Model.xcdatamodeld */,
				BB0000000000000000000031 /* Info.plist */,
			);
			path = "毅练";
			sourceTree = "<group>";
		};
		DD0000000000000000000101 /* App */ = {
			isa = PBXGroup;
			children = (
				BB0000000000000000000001 /* YiLianApp.swift */,
			);
			path = App;
			sourceTree = "<group>";
		};
		DD0000000000000000000102 /* Models */ = {
			isa = PBXGroup;
			children = (
				BB0000000000000000000002 /* TrainingState.swift */,
				BB0000000000000000000003 /* TrainingConfig.swift */,
				BB0000000000000000000004 /* TrainingSession.swift */,
			);
			path = Models;
			sourceTree = "<group>";
		};
		DD0000000000000000000103 /* StateMachine */ = {
			isa = PBXGroup;
			children = (
				BB0000000000000000000005 /* TrainingStateMachine.swift */,
			);
			path = StateMachine;
			sourceTree = "<group>";
		};
		DD0000000000000000000104 /* Services */ = {
			isa = PBXGroup;
			children = (
				BB0000000000000000000006 /* VoiceService.swift */,
				BB0000000000000000000007 /* TimerScheduler.swift */,
				BB0000000000000000000008 /* CoreDataStack.swift */,
				BB0000000000000000000009 /* LocalAuthManager.swift */,
				BB0000000000000000000010 /* HapticManager.swift */,
			);
			path = Services;
			sourceTree = "<group>";
		};
		DD0000000000000000000105 /* ViewModels */ = {
			isa = PBXGroup;
			children = (
				BB0000000000000000000011 /* TrainingViewModel.swift */,
				BB0000000000000000000012 /* RecordsViewModel.swift */,
				BB0000000000000000000013 /* SettingsViewModel.swift */,
			);
			path = ViewModels;
			sourceTree = "<group>";
		};
		DD0000000000000000000106 /* Views */ = {
			isa = PBXGroup;
			children = (
				BB0000000000000000000014 /* PrepareView.swift */,
				BB0000000000000000000015 /* ArousalView.swift */,
				BB0000000000000000000016 /* LowArousalView.swift */,
				BB0000000000000000000017 /* ControlZoneView.swift */,
				BB0000000000000000000018 /* StopWaitingView.swift */,
				BB0000000000000000000019 /* SqueezeView.swift */,
				BB0000000000000000000020 /* FinishedView.swift */,
				BB0000000000000000000021 /* LockView.swift */,
				BB0000000000000000000022 /* RecordsView.swift */,
				BB0000000000000000000041 /* RadarChartView.swift */,
				BB0000000000000000000042 /* RecordDetailView.swift */,


				BB0000000000000000000023 /* SettingsView.swift */,
				BB0000000000000000000024 /* BreathingCircle.swift */,
				BB0000000000000000000025 /* ContentView.swift */,
				BB0000000000000000000026 /* Color+Theme.swift */,
				BB0000000000000000000028 /* TrainingContainerView.swift */,
				BB0000000000000000000043 /* CoachButton.swift */,
				BB0000000000000000000044 /* GlassCard.swift */,
				BB0000000000000000000045 /* StageProgressView.swift */,
			);
			path = Views;
			sourceTree = "<group>";
		};
		DD0000000000000000000107 /* Resources */ = {
			isa = PBXGroup;
			children = (
				BB0000000000000000000029 /* Assets.xcassets */,
				BB0000000000000000000027 /* VoiceScripts.swift */,
			);
			path = Resources;
			sourceTree = "<group>";
		};
/* End PBXGroup section */

/* Begin PBXNativeTarget section */
		EE0000000000000000000001 /* 毅练 */ = {
			isa = PBXNativeTarget;
			buildConfigurationList = FF0000000000000000000002 /* Build configuration list for PBXNativeTarget "毅练" */;
			buildPhases = (
				GG0000000000000000000001 /* Sources */,
				CC0000000000000000000001 /* Frameworks */,
				GG0000000000000000000002 /* Resources */,
			);
			buildRules = (
			);
			dependencies = (
			);
			name = "毅练";
			productName = "毅练";
			productReference = BB0000000000000000000032 /* 毅练.app */;
			productType = "com.apple.product-type.application";
		};
/* End PBXNativeTarget section */

/* Begin PBXProject section */
		HH0000000000000000000001 /* Project object */ = {
			isa = PBXProject;
			attributes = {
				BuildIndependentTargetsInParallel = 1;
				LastSwiftUpdateCheck = 1500;
				LastUpgradeCheck = 1500;
				TargetAttributes = {
					EE0000000000000000000001 = {
						CreatedOnToolsVersion = 15.0;
					};
				};
			};
			buildConfigurationList = FF0000000000000000000003 /* Build configuration list for PBXProject "毅练" */;
			compatibilityVersion = "Xcode 14.0";
			developmentRegion = en;
			hasScannedForEncodings = 0;
			knownRegions = (
				en,
				Base,
				"zh-Hans",
			);
			mainGroup = DD0000000000000000000001;
			productRefGroup = DD0000000000000000000003 /* Products */;
			projectDirPath = "";
			projectRoot = "";
			targets = (
				EE0000000000000000000001 /* 毅练 */,
			);
		};
/* End PBXProject section */

/* Begin PBXResourcesBuildPhase section */
		GG0000000000000000000002 /* Resources */ = {
			isa = PBXResourcesBuildPhase;
			buildActionMask = 2147483647;
			files = (
				AA0000000000000000000029 /* Assets.xcassets in Resources */,
			);
			runOnlyForDeploymentPostprocessing = 0;
		};
/* End PBXResourcesBuildPhase section */

/* Begin PBXSourcesBuildPhase section */
		GG0000000000000000000001 /* Sources */ = {
			isa = PBXSourcesBuildPhase;
			buildActionMask = 2147483647;
			files = (
				AA0000000000000000000001 /* YiLianApp.swift in Sources */,
				AA0000000000000000000002 /* TrainingState.swift in Sources */,
				AA0000000000000000000003 /* TrainingConfig.swift in Sources */,
				AA0000000000000000000004 /* TrainingSession.swift in Sources */,
				AA0000000000000000000005 /* TrainingStateMachine.swift in Sources */,
				AA0000000000000000000006 /* VoiceService.swift in Sources */,
				AA0000000000000000000007 /* TimerScheduler.swift in Sources */,
				AA0000000000000000000008 /* CoreDataStack.swift in Sources */,
				AA0000000000000000000009 /* LocalAuthManager.swift in Sources */,
				AA0000000000000000000010 /* HapticManager.swift in Sources */,
				AA0000000000000000000011 /* TrainingViewModel.swift in Sources */,
				AA0000000000000000000012 /* RecordsViewModel.swift in Sources */,
				AA0000000000000000000013 /* SettingsViewModel.swift in Sources */,
				AA0000000000000000000014 /* PrepareView.swift in Sources */,
				AA0000000000000000000015 /* ArousalView.swift in Sources */,
				AA0000000000000000000016 /* LowArousalView.swift in Sources */,
				AA0000000000000000000017 /* ControlZoneView.swift in Sources */,
				AA0000000000000000000018 /* StopWaitingView.swift in Sources */,
				AA0000000000000000000019 /* SqueezeView.swift in Sources */,
				AA0000000000000000000020 /* FinishedView.swift in Sources */,
				AA0000000000000000000021 /* LockView.swift in Sources */,
				AA0000000000000000000022 /* RecordsView.swift in Sources */,
				AA0000000000000000000041 /* RadarChartView.swift in Sources */,
				AA0000000000000000000042 /* RecordDetailView.swift in Sources */,
				AA0000000000000000000043 /* CoachButton.swift in Sources */,
				AA0000000000000000000044 /* GlassCard.swift in Sources */,
				AA0000000000000000000045 /* StageProgressView.swift in Sources */,
				AA0000000000000000000023 /* SettingsView.swift in Sources */,
				AA0000000000000000000024 /* BreathingCircle.swift in Sources */,
				AA0000000000000000000025 /* ContentView.swift in Sources */,
				AA0000000000000000000026 /* Color+Theme.swift in Sources */,
				AA0000000000000000000027 /* VoiceScripts.swift in Sources */,
				AA0000000000000000000028 /* TrainingContainerView.swift in Sources */,
				AA0000000000000000000030 /* Model.xcdatamodeld in Sources */,
			);
			runOnlyForDeploymentPostprocessing = 0;
		};
/* End PBXSourcesBuildPhase section */

/* Begin XCBuildConfiguration section */
		FF0000000000000000000011 /* Debug */ = {
			isa = XCBuildConfiguration;
			buildSettings = {
				ALWAYS_SEARCH_USER_PATHS = NO;
				CLANG_ANALYZER_NONNULL = YES;
				CLANG_ENABLE_MODULES = YES;
				CLANG_ENABLE_OBJC_ARC = YES;
				COPY_PHASE_STRIP = NO;
				DEBUG_INFORMATION_FORMAT = dwarf;
				ENABLE_STRICT_OBJC_MSGSEND = YES;
				ENABLE_TESTABILITY = YES;
				GCC_DYNAMIC_NO_PIC = NO;
				GCC_OPTIMIZATION_LEVEL = 0;
				GCC_PREPROCESSOR_DEFINITIONS = (
					"DEBUG=1",
					"$(inherited)",
				);
				IPHONEOS_DEPLOYMENT_TARGET = 26.0;
				MTL_ENABLE_DEBUG_INFO = INCLUDE_SOURCE;
				ONLY_ACTIVE_ARCH = YES;
				SWIFT_ACTIVE_COMPILATION_CONDITIONS = DEBUG;
				SWIFT_OPTIMIZATION_LEVEL = "-Onone";
			};
			name = Debug;
		};
		FF0000000000000000000012 /* Release */ = {
			isa = XCBuildConfiguration;
			buildSettings = {
				ALWAYS_SEARCH_USER_PATHS = NO;
				CLANG_ANALYZER_NONNULL = YES;
				CLANG_ENABLE_MODULES = YES;
				CLANG_ENABLE_OBJC_ARC = YES;
				COPY_PHASE_STRIP = NO;
				DEBUG_INFORMATION_FORMAT = "dwarf-with-dsym";
				ENABLE_NS_ASSERTIONS = NO;
				ENABLE_STRICT_OBJC_MSGSEND = YES;
				GCC_OPTIMIZATION_LEVEL = s;
				IPHONEOS_DEPLOYMENT_TARGET = 26.0;
				MTL_ENABLE_DEBUG_INFO = NO;
				SWIFT_COMPILATION_MODE = wholemodule;
				SWIFT_OPTIMIZATION_LEVEL = "-O";
			};
			name = Release;
		};
		FF0000000000000000000013 /* Debug */ = {
			isa = XCBuildConfiguration;
			buildSettings = {
				ASSETCATALOG_COMPILER_APPICON_NAME = AppIcon;
				ASSETCATALOG_COMPILER_GLOBAL_ACCENT_COLOR_NAME = AccentColor;
				CODE_SIGN_STYLE = Automatic;
				CURRENT_PROJECT_VERSION = 1;
				ENABLE_PREVIEWS = YES;
				GENERATE_INFOPLIST_FILE = NO;
				INFOPLIST_FILE = "毅练/Info.plist";
				LD_RUNPATH_SEARCH_PATHS = (
					"$(inherited)",
					"@executable_path/Frameworks",
				);
				MARKETING_VERSION = 1.0;
				PRODUCT_BUNDLE_IDENTIFIER = com.yilian.app;
				PRODUCT_NAME = "$(TARGET_NAME)";
				SWIFT_VERSION = 5.0;
				TARGETED_DEVICE_FAMILY = "1,2";
			};
			name = Debug;
		};
		FF0000000000000000000014 /* Release */ = {
			isa = XCBuildConfiguration;
			buildSettings = {
				ASSETCATALOG_COMPILER_APPICON_NAME = AppIcon;
				ASSETCATALOG_COMPILER_GLOBAL_ACCENT_COLOR_NAME = AccentColor;
				CODE_SIGN_STYLE = Automatic;
				CURRENT_PROJECT_VERSION = 1;
				ENABLE_PREVIEWS = YES;
				GENERATE_INFOPLIST_FILE = NO;
				INFOPLIST_FILE = "毅练/Info.plist";
				LD_RUNPATH_SEARCH_PATHS = (
					"$(inherited)",
					"@executable_path/Frameworks",
				);
				MARKETING_VERSION = 1.0;
				PRODUCT_BUNDLE_IDENTIFIER = com.yilian.app;
				PRODUCT_NAME = "$(TARGET_NAME)";
				SWIFT_VERSION = 5.0;
				TARGETED_DEVICE_FAMILY = "1,2";
			};
			name = Release;
		};
/* End XCBuildConfiguration section */

/* Begin XCConfigurationList section */
		FF0000000000000000000002 /* Build configuration list for PBXNativeTarget "毅练" */ = {
			isa = XCConfigurationList;
			buildConfigurations = (
				FF0000000000000000000013 /* Debug */,
				FF0000000000000000000014 /* Release */,
			);
			defaultConfigurationIsVisible = 0;
			defaultConfigurationName = Release;
		};
		FF0000000000000000000003 /* Build configuration list for PBXProject "毅练" */ = {
			isa = XCConfigurationList;
			buildConfigurations = (
				FF0000000000000000000011 /* Debug */,
				FF0000000000000000000012 /* Release */,
			);
			defaultConfigurationIsVisible = 0;
			defaultConfigurationName = Release;
		};
/* End XCConfigurationList section */
	};
	rootObject = HH0000000000000000000001 /* Project object */;
}
